// !$*UTF8*$!
{
	archiveVersion = 1;
	classes = {
	};
	objectVersion = 46;
	objects = {

/* Begin PBXBuildFile section */
		DCC2A47F168EBD6000D8DF00 /* UIKit.framework in Frameworks */ = {isa = PBXBuildFile; fileRef = DCC2A47E168EBD6000D8DF00 /* UIKit.framework */; };
		DCC2A481168EBD6000D8DF00 /* Foundation.framework in Frameworks */ = {isa = PBXBuildFile; fileRef = DCC2A480168EBD6000D8DF00 /* Foundation.framework */; };
		DCC2A483168EBD6000D8DF00 /* CoreGraphics.framework in Frameworks */ = {isa = PBXBuildFile; fileRef = DCC2A482168EBD6000D8DF00 /* CoreGraphics.framework */; };
		DCC2A489168EBD6000D8DF00 /* InfoPlist.strings in Resources */ = {isa = PBXBuildFile; fileRef = DCC2A487168EBD6000D8DF00 /* InfoPlist.strings */; };
		DCC2A48B168EBD6000D8DF00 /* main.m in Sources */ = {isa = PBXBuildFile; fileRef = DCC2A48A168EBD6000D8DF00 /* main.m */; };
		DCC2A48F168EBD6000D8DF00 /* AppDelegate.m in Sources */ = {isa = PBXBuildFile; fileRef = DCC2A48E168EBD6000D8DF00 /* AppDelegate.m */; };
		DCC2A491168EBD6000D8DF00 /* Default.png in Resources */ = {isa = PBXBuildFile; fileRef = DCC2A490168EBD6000D8DF00 /* Default.png */; };
		DCC2A493168EBD6000D8DF00 /* Default@2x.png in Resources */ = {isa = PBXBuildFile; fileRef = DCC2A492168EBD6000D8DF00 /* Default@2x.png */; };
		DCC2A495168EBD6000D8DF00 /* Default-568h@2x.png in Resources */ = {isa = PBXBuildFile; fileRef = DCC2A494168EBD6000D8DF00 /* Default-568h@2x.png */; };
		DCC2A498168EBD6100D8DF00 /* MainStoryboard_iPhone.storyboard in Resources */ = {isa = PBXBuildFile; fileRef = DCC2A496168EBD6000D8DF00 /* MainStoryboard_iPhone.storyboard */; };
		DCC2A4A6168EBDCE00D8DF00 /* FlippedTableViewController.m in Sources */ = {isa = PBXBuildFile; fileRef = DCC2A4A5168EBDCE00D8DF00 /* FlippedTableViewController.m */; };
/* End PBXBuildFile section */

/* Begin PBXFileReference section */
		DCC2A47A168EBD6000D8DF00 /* FlippedTableView.app */ = {isa = PBXFileReference; explicitFileType = wrapper.application; includeInIndex = 0; path = FlippedTableView.app; sourceTree = BUILT_PRODUCTS_DIR; };
		DCC2A47E168EBD6000D8DF00 /* UIKit.framework */ = {isa = PBXFileReference; lastKnownFileType = wrapper.framework; name = UIKit.framework; path = System/Library/Frameworks/UIKit.framework; sourceTree = SDKROOT; };
		DCC2A480168EBD6000D8DF00 /* Foundation.framework */ = {isa = PBXFileReference; lastKnownFileType = wrapper.framework; name = Foundation.framework; path = System/Library/Frameworks/Foundation.framework; sourceTree = SDKROOT; };
		DCC2A482168EBD6000D8DF00 /* CoreGraphics.framework */ = {isa = PBXFileReference; lastKnownFileType = wrapper.framework; name = CoreGraphics.framework; path = System/Library/Frameworks/CoreGraphics.framework; sourceTree = SDKROOT; };
		DCC2A486168EBD6000D8DF00 /* FlippedTableView-Info.plist */ = {isa = PBXFileReference; lastKnownFileType = text.plist.xml; path = "FlippedTableView-Info.plist"; sourceTree = "<group>"; };
		DCC2A488168EBD6000D8DF00 /* en */ = {isa = PBXFileReference; lastKnownFileType = text.plist.strings; name = en; path = en.lproj/InfoPlist.strings; sourceTree = "<group>"; };
		DCC2A48A168EBD6000D8DF00 /* main.m */ = {isa = PBXFileReference; lastKnownFileType = sourcecode.c.objc; path = main.m; sourceTree = "<group>"; };
		DCC2A48C168EBD6000D8DF00 /* FlippedTableView-Prefix.pch */ = {isa = PBXFileReference; lastKnownFileType = sourcecode.c.h; path = "FlippedTableView-Prefix.pch"; sourceTree = "<group>"; };
		DCC2A48D168EBD6000D8DF00 /* AppDelegate.h */ = {isa = PBXFileReference; lastKnownFileType = sourcecode.c.h; path = AppDelegate.h; sourceTree = "<group>"; };
		DCC2A48E168EBD6000D8DF00 /* AppDelegate.m */ = {isa = PBXFileReference; lastKnownFileType = sourcecode.c.objc; path = AppDelegate.m; sourceTree = "<group>"; };
		DCC2A490168EBD6000D8DF00 /* Default.png */ = {isa = PBXFileReference; lastKnownFileType = image.png; path = Default.png; sourceTree = "<group>"; };
		DCC2A492168EBD6000D8DF00 /* Default@2x.png */ = {isa = PBXFileReference; lastKnownFileType = image.png; path = "Default@2x.png"; sourceTree = "<group>"; };
		DCC2A494168EBD6000D8DF00 /* Default-568h@2x.png */ = {isa = PBXFileReference; lastKnownFileType = image.png; path = "Default-568h@2x.png"; sourceTree = "<group>"; };
		DCC2A497168EBD6100D8DF00 /* en */ = {isa = PBXFileReference; lastKnownFileType = file.storyboard; name = en; path = en.lproj/MainStoryboard_iPhone.storyboard; sourceTree = "<group>"; };
		DCC2A4A4168EBDCE00D8DF00 /* FlippedTableViewController.h */ = {isa = PBXFileReference; fileEncoding = 4; lastKnownFileType = sourcecode.c.h; path = FlippedTableViewController.h; sourceTree = "<group>"; };
		DCC2A4A5168EBDCE00D8DF00 /* FlippedTableViewController.m */ = {isa = PBXFileReference; fileEncoding = 4; lastKnownFileType = sourcecode.c.objc; path = FlippedTableViewController.m; sourceTree = "<group>"; };
/* End PBXFileReference section */

/* Begin PBXFrameworksBuildPhase section */
		DCC2A477168EBD6000D8DF00 /* Frameworks */ = {
			isa = PBXFrameworksBuildPhase;
			buildActionMask = 2147483647;
			files = (
				DCC2A47F168EBD6000D8DF00 /* UIKit.framework in Frameworks */,
				DCC2A481168EBD6000D8DF00 /* Foundation.framework in Frameworks */,
				DCC2A483168EBD6000D8DF00 /* CoreGraphics.framework in Frameworks */,
			);
			runOnlyForDeploymentPostprocessing = 0;
		};
/* End PBXFrameworksBuildPhase section */

/* Begin PBXGroup section */
		DCC2A46F168EBD6000D8DF00 = {
			isa = PBXGroup;
			children = (
				DCC2A484168EBD6000D8DF00 /* FlippedTableView */,
				DCC2A47D168EBD6000D8DF00 /* Frameworks */,
				DCC2A47B168EBD6000D8DF00 /* Products */,
			);
			sourceTree = "<group>";
		};
		DCC2A47B168EBD6000D8DF00 /* Products */ = {
			isa = PBXGroup;
			children = (
				DCC2A47A168EBD6000D8DF00 /* FlippedTableView.app */,
			);
			name = Products;
			sourceTree = "<group>";
		};
		DCC2A47D168EBD6000D8DF00 /* Frameworks */ = {
			isa = PBXGroup;
			children = (
				DCC2A47E168EBD6000D8DF00 /* UIKit.framework */,
				DCC2A480168EBD6000D8DF00 /* Foundation.framework */,
				DCC2A482168EBD6000D8DF00 /* CoreGraphics.framework */,
			);
			name = Frameworks;
			sourceTree = "<group>";
		};
		DCC2A484168EBD6000D8DF00 /* FlippedTableView */ = {
			isa = PBXGroup;
			children = (
				DCC2A4A4168EBDCE00D8DF00 /* FlippedTableViewController.h */,
				DCC2A4A5168EBDCE00D8DF00 /* FlippedTableViewController.m */,
				DCC2A48D168EBD6000D8DF00 /* AppDelegate.h */,
				DCC2A48E168EBD6000D8DF00 /* AppDelegate.m */,
				DCC2A496168EBD6000D8DF00 /* MainStoryboard_iPhone.storyboard */,
				DCC2A485168EBD6000D8DF00 /* Supporting Files */,
			);
			path = FlippedTableView;
			sourceTree = "<group>";
		};
		DCC2A485168EBD6000D8DF00 /* Supporting Files */ = {
			isa = PBXGroup;
			children = (
				DCC2A486168EBD6000D8DF00 /* FlippedTableView-Info.plist */,
				DCC2A487168EBD6000D8DF00 /* InfoPlist.strings */,
				DCC2A48A168EBD6000D8DF00 /* main.m */,
				DCC2A48C168EBD6000D8DF00 /* FlippedTableView-Prefix.pch */,
				DCC2A490168EBD6000D8DF00 /* Default.png */,
				DCC2A492168EBD6000D8DF00 /* Default@2x.png */,
				DCC2A494168EBD6000D8DF00 /* Default-568h@2x.png */,
			);
			name = "Supporting Files";
			sourceTree = "<group>";
		};
/* End PBXGroup section */

/* Begin PBXNativeTarget section */
		DCC2A479168EBD6000D8DF00 /* FlippedTableView */ = {
			isa = PBXNativeTarget;
			buildConfigurationList = DCC2A4A1168EBD6100D8DF00 /* Build configuration list for PBXNativeTarget "FlippedTableView" */;
			buildPhases = (
				DCC2A476168EBD6000D8DF00 /* Sources */,
				DCC2A477168EBD6000D8DF00 /* Frameworks */,
				DCC2A478168EBD6000D8DF00 /* Resources */,
			);
			buildRules = (
			);
			dependencies = (
			);
			name = FlippedTableView;
			productName = FlippedTableView;
			productReference = DCC2A47A168EBD6000D8DF00 /* FlippedTableView.app */;
			productType = "com.apple.product-type.application";
		};
/* End PBXNativeTarget section */

/* Begin PBXProject section */
		DCC2A471168EBD6000D8DF00 /* Project object */ = {
			isa = PBXProject;
			attributes = {
				LastUpgradeCheck = 0450;
				ORGANIZATIONNAME = "Stephen Asherson";
			};
			buildConfigurationList = DCC2A474168EBD6000D8DF00 /* Build configuration list for PBXProject "FlippedTableView" */;
			compatibilityVersion = "Xcode 3.2";
			developmentRegion = English;
			hasScannedForEncodings = 0;
			knownRegions = (
				en,
			);
			mainGroup = DCC2A46F168EBD6000D8DF00;
			productRefGroup = DCC2A47B168EBD6000D8DF00 /* Products */;
			projectDirPath = "";
			projectRoot = "";
			targets = (
				DCC2A479168EBD6000D8DF00 /* FlippedTableView */,
			);
		};
/* End PBXProject section */

/* Begin PBXResourcesBuildPhase section */
		DCC2A478168EBD6000D8DF00 /* Resources */ = {
			isa = PBXResourcesBuildPhase;
			buildActionMask = 2147483647;
			files = (
				DCC2A489168EBD6000D8DF00 /* InfoPlist.strings in Resources */,
				DCC2A491168EBD6000D8DF00 /* Default.png in Resources */,
				DCC2A493168EBD6000D8DF00 /* Default@2x.png in Resources */,
				DCC2A495168EBD6000D8DF00 /* Default-568h@2x.png in Resources */,
				DCC2A498168EBD6100D8DF00 /* MainStoryboard_iPhone.storyboard in Resources */,
			);
			runOnlyForDeploymentPostprocessing = 0;
		};
/* End PBXResourcesBuildPhase section */

/* Begin PBXSourcesBuildPhase section */
		DCC2A476168EBD6000D8DF00 /* Sources */ = {
			isa = PBXSourcesBuildPhase;
			buildActionMask = 2147483647;
			files = (
				DCC2A48B168EBD6000D8DF00 /* main.m in Sources */,
				DCC2A48F168EBD6000D8DF00 /* AppDelegate.m in Sources */,
				DCC2A4A6168EBDCE00D8DF00 /* FlippedTableViewController.m in Sources */,
			);
			runOnlyForDeploymentPostprocessing = 0;
		};
/* End PBXSourcesBuildPhase section */

/* Begin PBXVariantGroup section */
		DCC2A487168EBD6000D8DF00 /* InfoPlist.strings */ = {
			isa = PBXVariantGroup;
			children = (
				DCC2A488168EBD6000D8DF00 /* en */,
			);
			name = InfoPlist.strings;
			sourceTree = "<group>";
		};
		DCC2A496168EBD6000D8DF00 /* MainStoryboard_iPhone.storyboard */ = {
			isa = PBXVariantGroup;
			children = (
				DCC2A497168EBD6100D8DF00 /* en */,
			);
			name = MainStoryboard_iPhone.storyboard;
			sourceTree = "<group>";
		};
/* End PBXVariantGroup section */

/* Begin XCBuildConfiguration section */
		DCC2A49F168EBD6100D8DF00 /* Debug */ = {
			isa = XCBuildConfiguration;
			buildSettings = {
				ALWAYS_SEARCH_USER_PATHS = NO;
				CLANG_CXX_LANGUAGE_STANDARD = "gnu++0x";
				CLANG_CXX_LIBRARY = "libc++";
				CLANG_ENABLE_OBJC_ARC = YES;
				CLANG_WARN_EMPTY_BODY = YES;
				CLANG_WARN__DUPLICATE_METHOD_MATCH = YES;
				"CODE_SIGN_IDENTITY[sdk=iphoneos*]" = "iPhone Developer";
				COPY_PHASE_STRIP = NO;
				GCC_C_LANGUAGE_STANDARD = gnu99;
				GCC_DYNAMIC_NO_PIC = NO;
				GCC_OPTIMIZATION_LEVEL = 0;
				GCC_PREPROCESSOR_DEFINITIONS = (
					"DEBUG=1",
					"$(inherited)",
				);
				GCC_SYMBOLS_PRIVATE_EXTERN = NO;
				GCC_WARN_ABOUT_RETURN_TYPE = YES;
				GCC_WARN_UNINITIALIZED_AUTOS = YES;
				GCC_WARN_UNUSED_VARIABLE = YES;
				IPHONEOS_DEPLOYMENT_TARGET = 6.0;
				ONLY_ACTIVE_ARCH = YES;
				SDKROOT = iphoneos;
				TARGETED_DEVICE_FAMILY = "1,2";
			};
			name = Debug;
		};
		DCC2A4A0168EBD6100D8DF00 /* Release */ = {
			isa = XCBuildConfiguration;
			buildSettings = {
				ALWAYS_SEARCH_USER_PATHS = NO;
				CLANG_CXX_LANGUAGE_STANDARD = "gnu++0x";
				CLANG_CXX_LIBRARY = "libc++";
				CLANG_ENABLE_OBJC_ARC = YES;
				CLANG_WARN_EMPTY_BODY = YES;
				CLANG_WARN__DUPLICATE_METHOD_MATCH = YES;
				"CODE_SIGN_IDENTITY[sdk=iphoneos*]" = "iPhone Developer";
				COPY_PHASE_STRIP = YES;
				GCC_C_LANGUAGE_STANDARD = gnu99;
				GCC_WARN_ABOUT_RETURN_TYPE = YES;
				GCC_WARN_UNINITIALIZED_AUTOS = YES;
				GCC_WARN_UNUSED_VARIABLE = YES;
				IPHONEOS_DEPLOYMENT_TARGET = 6.0;
				OTHER_CFLAGS = "-DNS_BLOCK_ASSERTIONS=1";
				SDKROOT = iphoneos;
				TARGETED_DEVICE_FAMILY = "1,2";
				VALIDATE_PRODUCT = YES;
			};
			name = Release;
		};
		DCC2A4A2168EBD6100D8DF00 /* Debug */ = {
			isa = XCBuildConfiguration;
			buildSettings = {
				GCC_PRECOMPILE_PREFIX_HEADER = YES;
				GCC_PREFIX_HEADER = "FlippedTableView/FlippedTableView-Prefix.pch";
				INFOPLIST_FILE = "FlippedTableView/FlippedTableView-Info.plist";
				PRODUCT_NAME = "$(TARGET_NAME)";
				TARGETED_DEVICE_FAMILY = 1;
				WRAPPER_EXTENSION = app;
			};
			name = Debug;
		};
		DCC2A4A3168EBD6100D8DF00 /* Release */ = {
			isa = XCBuildConfiguration;
			buildSettings = {
				GCC_PRECOMPILE_PREFIX_HEADER = YES;
				GCC_PREFIX_HEADER = "FlippedTableView/FlippedTableView-Prefix.pch";
				INFOPLIST_FILE = "FlippedTableView/FlippedTableView-Info.plist";
				PRODUCT_NAME = "$(TARGET_NAME)";
				TARGETED_DEVICE_FAMILY = 1;
				WRAPPER_EXTENSION = app;
			};
			name = Release;
		};
/* End XCBuildConfiguration section */

/* Begin XCConfigurationList section */
		DCC2A474168EBD6000D8DF00 /* Build configuration list for PBXProject "FlippedTableView" */ = {
			isa = XCConfigurationList;
			buildConfigurations = (
				DCC2A49F168EBD6100D8DF00 /* Debug */,
				DCC2A4A0168EBD6100D8DF00 /* Release */,
			);
			defaultConfigurationIsVisible = 0;
			defaultConfigurationName = Release;
		};
		DCC2A4A1168EBD6100D8DF00 /* Build configuration list for PBXNativeTarget "FlippedTableView" */ = {
			isa = XCConfigurationList;
			buildConfigurations = (
				DCC2A4A2168EBD6100D8DF00 /* Debug */,
				DCC2A4A3168EBD6100D8DF00 /* Release */,
			);
			defaultConfigurationIsVisible = 0;
		};
/* End XCConfigurationList section */
	};
	rootObject = DCC2A471168EBD6000D8DF00 /* Project object */;
}
